// !$*UTF8*$!
{
	archiveVersion = 1;
	classes = {
	};
	objectVersion = 56;
	objects = {

/* Begin PBXBuildFile section */
		F14D36202C59A2B800A81C09 /* ParentBuddyApp.swift in Sources */ = {isa = PBXBuildFile; fileRef = F14D361F2C59A2B800A81C09 /* ParentBuddyApp.swift */; };
		F14D36222C59A2B800A81C09 /* ContentView.swift in Sources */ = {isa = PBXBuildFile; fileRef = F14D36212C59A2B800A81C09 /* ContentView.swift */; };
		F14D36242C59A2BA00A81C09 /* Assets.xcassets in Resources */ = {isa = PBXBuildFile; fileRef = F14D36232C59A2BA00A81C09 /* Assets.xcassets */; };
		F14D36272C59A2BA00A81C09 /* Preview Assets.xcassets in Resources */ = {isa = PBXBuildFile; fileRef = F14D36262C59A2BA00A81C09 /* Preview Assets.xcassets */; };
		F14D36312C59A2BA00A81C09 /* ParentBuddyTests.swift in Sources */ = {isa = PBXBuildFile; fileRef = F14D36302C59A2BA00A81C09 /* ParentBuddyTests.swift */; };
		F14D363B2C59A2BA00A81C09 /* ParentBuddyUITests.swift in Sources */ = {isa = PBXBuildFile; fileRef = F14D363A2C59A2BA00A81C09 /* ParentBuddyUITests.swift */; };
		F14D363D2C59A2BA00A81C09 /* ParentBuddyUITestsLaunchTests.swift in Sources */ = {isa = PBXBuildFile; fileRef = F14D363C2C59A2BA00A81C09 /* ParentBuddyUITestsLaunchTests.swift */; };
/* End PBXBuildFile section */

/* Begin PBXContainerItemProxy section */
		F14D362D2C59A2BA00A81C09 /* PBXContainerItemProxy */ = {
			isa = PBXContainerItemProxy;
			containerPortal = F14D36142C59A2B800A81C09 /* Project object */;
			proxyType = 1;
			remoteGlobalIDString = F14D361B2C59A2B800A81C09;
			remoteInfo = ParentBuddy;
		};
		F14D36372C59A2BA00A81C09 /* PBXContainerItemProxy */ = {
			isa = PBXContainerItemProxy;
			containerPortal = F14D36142C59A2B800A81C09 /* Project object */;
			proxyType = 1;
			remoteGlobalIDString = F14D361B2C59A2B800A81C09;
			remoteInfo = ParentBuddy;
		};
/* End PBXContainerItemProxy section */

/* Begin PBXFileReference section */
		F14D361C2C59A2B800A81C09 /* ParentBuddy.app */ = {isa = PBXFileReference; explicitFileType = wrapper.application; includeInIndex = 0; path = ParentBuddy.app; sourceTree = BUILT_PRODUCTS_DIR; };
		F14D361F2C59A2B800A81C09 /* ParentBuddyApp.swift */ = {isa = PBXFileReference; lastKnownFileType = sourcecode.swift; path = ParentBuddyApp.swift; sourceTree = "<group>"; };
		F14D36212C59A2B800A81C09 /* ContentView.swift */ = {isa = PBXFileReference; lastKnownFileType = sourcecode.swift; path = ContentView.swift; sourceTree = "<group>"; };
		F14D36232C59A2BA00A81C09 /* Assets.xcassets */ = {isa = PBXFileReference; lastKnownFileType = folder.assetcatalog; path = Assets.xcassets; sourceTree = "<group>"; };
		F14D36262C59A2BA00A81C09 /* Preview Assets.xcassets */ = {isa = PBXFileReference; lastKnownFileType = folder.assetcatalog; path = "Preview Assets.xcassets"; sourceTree = "<group>"; };
		F14D362C2C59A2BA00A81C09 /* ParentBuddyTests.xctest */ = {isa = PBXFileReference; explicitFileType = wrapper.cfbundle; includeInIndex = 0; path = ParentBuddyTests.xctest; sourceTree = BUILT_PRODUCTS_DIR; };
		F14D36302C59A2BA00A81C09 /* ParentBuddyTests.swift */ = {isa = PBXFileReference; lastKnownFileType = sourcecode.swift; path = ParentBuddyTests.swift; sourceTree = "<group>"; };
		F14D36362C59A2BA00A81C09 /* ParentBuddyUITests.xctest */ = {isa = PBXFileReference; explicitFileType = wrapper.cfbundle; includeInIndex = 0; path = ParentBuddyUITests.xctest; sourceTree = BUILT_PRODUCTS_DIR; };
		F14D363A2C59A2BA00A81C09 /* ParentBuddyUITests.swift */ = {isa = PBXFileReference; lastKnownFileType = sourcecode.swift; path = ParentBuddyUITests.swift; sourceTree = "<group>"; };
		F14D363C2C59A2BA00A81C09 /* ParentBuddyUITestsLaunchTests.swift */ = {isa = PBXFileReference; lastKnownFileType = sourcecode.swift; path = ParentBuddyUITestsLaunchTests.swift; sourceTree = "<group>"; };
/* End PBXFileReference section */

/* Begin PBXFrameworksBuildPhase section */
		F14D36192C59A2B800A81C09 /* Frameworks */ = {
			isa = PBXFrameworksBuildPhase;
			buildActionMask = 2147483647;
			files = (
			);
			runOnlyForDeploymentPostprocessing = 0;
		};
		F14D36292C59A2BA00A81C09 /* Frameworks */ = {
			isa = PBXFrameworksBuildPhase;
			buildActionMask = 2147483647;
			files = (
			);
			runOnlyForDeploymentPostprocessing = 0;
		};
		F14D36332C59A2BA00A81C09 /* Frameworks */ = {
			isa = PBXFrameworksBuildPhase;
			buildActionMask = 2147483647;
			files = (
			);
			runOnlyForDeploymentPostprocessing = 0;
		};
/* End PBXFrameworksBuildPhase section */

/* Begin PBXGroup section */
		F14D36132C59A2B800A81C09 = {
			isa = PBXGroup;
			children = (
				F14D361E2C59A2B800A81C09 /* ParentBuddy */,
				F14D362F2C59A2BA00A81C09 /* ParentBuddyTests */,
				F14D36392C59A2BA00A81C09 /* ParentBuddyUITests */,
				F14D361D2C59A2B800A81C09 /* Products */,
			);
			sourceTree = "<group>";
		};
		F14D361D2C59A2B800A81C09 /* Products */ = {
			isa = PBXGroup;
			children = (
				F14D361C2C59A2B800A81C09 /* ParentBuddy.app */,
				F14D362C2C59A2BA00A81C09 /* ParentBuddyTests.xctest */,
				F14D36362C59A2BA00A81C09 /* ParentBuddyUITests.xctest */,
			);
			name = Products;
			sourceTree = "<group>";
		};
		F14D361E2C59A2B800A81C09 /* ParentBuddy */ = {
			isa = PBXGroup;
			children = (
				F14D361F2C59A2B800A81C09 /* ParentBuddyApp.swift */,
				F14D36212C59A2B800A81C09 /* ContentView.swift */,
				F14D36232C59A2BA00A81C09 /* Assets.xcassets */,
				F14D36252C59A2BA00A81C09 /* Preview Content */,
			);
			path = ParentBuddy;
			sourceTree = "<group>";
		};
		F14D36252C59A2BA00A81C09 /* Preview Content */ = {
			isa = PBXGroup;
			children = (
				F14D36262C59A2BA00A81C09 /* Preview Assets.xcassets */,
			);
			path = "Preview Content";
			sourceTree = "<group>";
		};
		F14D362F2C59A2BA00A81C09 /* ParentBuddyTests */ = {
			isa = PBXGroup;
			children = (
				F14D36302C59A2BA00A81C09 /* ParentBuddyTests.swift */,
			);
			path = ParentBuddyTests;
			sourceTree = "<group>";
		};
		F14D36392C59A2BA00A81C09 /* ParentBuddyUITests */ = {
			isa = PBXGroup;
			children = (
				F14D363A2C59A2BA00A81C09 /* ParentBuddyUITests.swift */,
				F14D363C2C59A2BA00A81C09 /* ParentBuddyUITestsLaunchTests.swift */,
			);
			path = ParentBuddyUITests;
			sourceTree = "<group>";
		};
/* End PBXGroup section */

/* Begin PBXNativeTarget section */
		F14D361B2C59A2B800A81C09 /* ParentBuddy */ = {
			isa = PBXNativeTarget;
			buildConfigurationList = F14D36402C59A2BA00A81C09 /* Build configuration list for PBXNativeTarget "ParentBuddy" */;
			buildPhases = (
				F14D36182C59A2B800A81C09 /* Sources */,
				F14D36192C59A2B800A81C09 /* Frameworks */,
				F14D361A2C59A2B800A81C09 /* Resources */,
			);
			buildRules = (
			);
			dependencies = (
			);
			name = ParentBuddy;
			productName = ParentBuddy;
			productReference = F14D361C2C59A2B800A81C09 /* ParentBuddy.app */;
			productType = "com.apple.product-type.application";
		};
		F14D362B2C59A2BA00A81C09 /* ParentBuddyTests */ = {
			isa = PBXNativeTarget;
			buildConfigurationList = F14D36432C59A2BA00A81C09 /* Build configuration list for PBXNativeTarget "ParentBuddyTests" */;
			buildPhases = (
				F14D36282C59A2BA00A81C09 /* Sources */,
				F14D36292C59A2BA00A81C09 /* Frameworks */,
				F14D362A2C59A2BA00A81C09 /* Resources */,
			);
			buildRules = (
			);
			dependencies = (
				F14D362E2C59A2BA00A81C09 /* PBXTargetDependency */,
			);
			name = ParentBuddyTests;
			productName = ParentBuddyTests;
			productReference = F14D362C2C59A2BA00A81C09 /* ParentBuddyTests.xctest */;
			productType = "com.apple.product-type.bundle.unit-test";
		};
		F14D36352C59A2BA00A81C09 /* ParentBuddyUITests */ = {
			isa = PBXNativeTarget;
			buildConfigurationList = F14D36462C59A2BA00A81C09 /* Build configuration list for PBXNativeTarget "ParentBuddyUITests" */;
			buildPhases = (
				F14D36322C59A2BA00A81C09 /* Sources */,
				F14D36332C59A2BA00A81C09 /* Frameworks */,
				F14D36342C59A2BA00A81C09 /* Resources */,
			);
			buildRules = (
			);
			dependencies = (
				F14D36382C59A2BA00A81C09 /* PBXTargetDependency */,
			);
			name = ParentBuddyUITests;
			productName = ParentBuddyUITests;
			productReference = F14D36362C59A2BA00A81C09 /* ParentBuddyUITests.xctest */;
			productType = "com.apple.product-type.bundle.ui-testing";
		};
/* End PBXNativeTarget section */

/* Begin PBXProject section */
		F14D36142C59A2B800A81C09 /* Project object */ = {
			isa = PBXProject;
			attributes = {
				BuildIndependentTargetsInParallel = 1;
				LastSwiftUpdateCheck = 1540;
				LastUpgradeCheck = 1540;
				TargetAttributes = {
					F14D361B2C59A2B800A81C09 = {
						CreatedOnToolsVersion = 15.4;
					};
					F14D362B2C59A2BA00A81C09 = {
						CreatedOnToolsVersion = 15.4;
						TestTargetID = F14D361B2C59A2B800A81C09;
					};
					F14D36352C59A2BA00A81C09 = {
						CreatedOnToolsVersion = 15.4;
						TestTargetID = F14D361B2C59A2B800A81C09;
					};
				};
			};
			buildConfigurationList = F14D36172C59A2B800A81C09 /* Build configuration list for PBXProject "ParentBuddy" */;
			compatibilityVersion = "Xcode 14.0";
			developmentRegion = en;
			hasScannedForEncodings = 0;
			knownRegions = (
				en,
				Base,
			);
			mainGroup = F14D36132C59A2B800A81C09;
			productRefGroup = F14D361D2C59A2B800A81C09 /* Products */;
			projectDirPath = "";
			projectRoot = "";
			targets = (
				F14D361B2C59A2B800A81C09 /* ParentBuddy */,
				F14D362B2C59A2BA00A81C09 /* ParentBuddyTests */,
				F14D36352C59A2BA00A81C09 /* ParentBuddyUITests */,
			);
		};
/* End PBXProject section */

/* Begin PBXResourcesBuildPhase section */
		F14D361A2C59A2B800A81C09 /* Resources */ = {
			isa = PBXResourcesBuildPhase;
			buildActionMask = 2147483647;
			files = (
				F14D36272C59A2BA00A81C09 /* Preview Assets.xcassets in Resources */,
				F14D36242C59A2BA00A81C09 /* Assets.xcassets in Resources */,
			);
			runOnlyForDeploymentPostprocessing = 0;
		};
		F14D362A2C59A2BA00A81C09 /* Resources */ = {
			isa = PBXResourcesBuildPhase;
			buildActionMask = 2147483647;
			files = (
			);
			runOnlyForDeploymentPostprocessing = 0;
		};
		F14D36342C59A2BA00A81C09 /* Resources */ = {
			isa = PBXResourcesBuildPhase;
			buildActionMask = 2147483647;
			files = (
			);
			runOnlyForDeploymentPostprocessing = 0;
		};
/* End PBXResourcesBuildPhase section */

/* Begin PBXSourcesBuildPhase section */
		F14D36182C59A2B800A81C09 /* Sources */ = {
			isa = PBXSourcesBuildPhase;
			buildActionMask = 2147483647;
			files = (
				F14D36222C59A2B800A81C09 /* ContentView.swift in Sources */,
				F14D36202C59A2B800A81C09 /* ParentBuddyApp.swift in Sources */,
			);
			runOnlyForDeploymentPostprocessing = 0;
		};
		F14D36282C59A2BA00A81C09 /* Sources */ = {
			isa = PBXSourcesBuildPhase;
			buildActionMask = 2147483647;
			files = (
				F14D36312C59A2BA00A81C09 /* ParentBuddyTests.swift in Sources */,
			);
			runOnlyForDeploymentPostprocessing = 0;
		};
		F14D36322C59A2BA00A81C09 /* Sources */ = {
			isa = PBXSourcesBuildPhase;
			buildActionMask = 2147483647;
			files = (
				F14D363B2C59A2BA00A81C09 /* ParentBuddyUITests.swift in Sources */,
				F14D363D2C59A2BA00A81C09 /* ParentBuddyUITestsLaunchTests.swift in Sources */,
			);
			runOnlyForDeploymentPostprocessing = 0;
		};
/* End PBXSourcesBuildPhase section */

/* Begin PBXTargetDependency section */
		F14D362E2C59A2BA00A81C09 /* PBXTargetDependency */ = {
			isa = PBXTargetDependency;
			target = F14D361B2C59A2B800A81C09 /* ParentBuddy */;
			targetProxy = F14D362D2C59A2BA00A81C09 /* PBXContainerItemProxy */;
		};
		F14D36382C59A2BA00A81C09 /* PBXTargetDependency */ = {
			isa = PBXTargetDependency;
			target = F14D361B2C59A2B800A81C09 /* ParentBuddy */;
			targetProxy = F14D36372C59A2BA00A81C09 /* PBXContainerItemProxy */;
		};
/* End PBXTargetDependency section */

/* Begin XCBuildConfiguration section */
		F14D363E2C59A2BA00A81C09 /* Debug */ = {
			isa = XCBuildConfiguration;
			buildSettings = {
				ALWAYS_SEARCH_USER_PATHS = NO;
				ASSETCATALOG_COMPILER_GENERATE_SWIFT_ASSET_SYMBOL_EXTENSIONS = YES;
				CLANG_ANALYZER_NONNULL = YES;
				CLANG_ANALYZER_NUMBER_OBJECT_CONVERSION = YES_AGGRESSIVE;
				CLANG_CXX_LANGUAGE_STANDARD = "gnu++20";
				CLANG_ENABLE_MODULES = YES;
				CLANG_ENABLE_OBJC_ARC = YES;
				CLANG_ENABLE_OBJC_WEAK = YES;
				CLANG_WARN_BLOCK_CAPTURE_AUTORELEASING = YES;
				CLANG_WARN_BOOL_CONVERSION = YES;
				CLANG_WARN_COMMA = YES;
				CLANG_WARN_CONSTANT_CONVERSION = YES;
				CLANG_WARN_DEPRECATED_OBJC_IMPLEMENTATIONS = YES;
				CLANG_WARN_DIRECT_OBJC_ISA_USAGE = YES_ERROR;
				CLANG_WARN_DOCUMENTATION_COMMENTS = YES;
				CLANG_WARN_EMPTY_BODY = YES;
				CLANG_WARN_ENUM_CONVERSION = YES;
				CLANG_WARN_INFINITE_RECURSION = YES;
				CLANG_WARN_INT_CONVERSION = YES;
				CLANG_WARN_NON_LITERAL_NULL_CONVERSION = YES;
				CLANG_WARN_OBJC_IMPLICIT_RETAIN_SELF = YES;
				CLANG_WARN_OBJC_LITERAL_CONVERSION = YES;
				CLANG_WARN_OBJC_ROOT_CLASS = YES_ERROR;
				CLANG_WARN_QUOTED_INCLUDE_IN_FRAMEWORK_HEADER = YES;
				CLANG_WARN_RANGE_LOOP_ANALYSIS = YES;
				CLANG_WARN_STRICT_PROTOTYPES = YES;
				CLANG_WARN_SUSPICIOUS_MOVE = YES;
				CLANG_WARN_UNGUARDED_AVAILABILITY = YES_AGGRESSIVE;
				CLANG_WARN_UNREACHABLE_CODE = YES;
				CLANG_WARN__DUPLICATE_METHOD_MATCH = YES;
				COPY_PHASE_STRIP = NO;
				DEBUG_INFORMATION_FORMAT = dwarf;
				ENABLE_STRICT_OBJC_MSGSEND = YES;
				ENABLE_TESTABILITY = YES;
				ENABLE_USER_SCRIPT_SANDBOXING = YES;
				GCC_C_LANGUAGE_STANDARD = gnu17;
				GCC_DYNAMIC_NO_PIC = NO;
				GCC_NO_COMMON_BLOCKS = YES;
				GCC_OPTIMIZATION_LEVEL = 0;
				GCC_PREPROCESSOR_DEFINITIONS = (
					"DEBUG=1",
					"$(inherited)",
				);
				GCC_WARN_64_TO_32_BIT_CONVERSION = YES;
				GCC_WARN_ABOUT_RETURN_TYPE = YES_ERROR;
				GCC_WARN_UNDECLARED_SELECTOR = YES;
				GCC_WARN_UNINITIALIZED_AUTOS = YES_AGGRESSIVE;
				GCC_WARN_UNUSED_FUNCTION = YES;
				GCC_WARN_UNUSED_VARIABLE = YES;
				IPHONEOS_DEPLOYMENT_TARGET = 17.5;
				LOCALIZATION_PREFERS_STRING_CATALOGS = YES;
				MTL_ENABLE_DEBUG_INFO = INCLUDE_SOURCE;
				MTL_FAST_MATH = YES;
				ONLY_ACTIVE_ARCH = YES;
				SDKROOT = iphoneos;
				SWIFT_ACTIVE_COMPILATION_CONDITIONS = "DEBUG $(inherited)";
				SWIFT_OPTIMIZATION_LEVEL = "-Onone";
			};
			name = Debug;
		};
		F14D363F2C59A2BA00A81C09 /* Release */ = {
			isa = XCBuildConfiguration;
			buildSettings = {
				ALWAYS_SEARCH_USER_PATHS = NO;
				ASSETCATALOG_COMPILER_GENERATE_SWIFT_ASSET_SYMBOL_EXTENSIONS = YES;
				CLANG_ANALYZER_NONNULL = YES;
				CLANG_ANALYZER_NUMBER_OBJECT_CONVERSION = YES_AGGRESSIVE;
				CLANG_CXX_LANGUAGE_STANDARD = "gnu++20";
				CLANG_ENABLE_MODULES = YES;
				CLANG_ENABLE_OBJC_ARC = YES;
				CLANG_ENABLE_OBJC_WEAK = YES;
				CLANG_WARN_BLOCK_CAPTURE_AUTORELEASING = YES;
				CLANG_WARN_BOOL_CONVERSION = YES;
				CLANG_WARN_COMMA = YES;
				CLANG_WARN_CONSTANT_CONVERSION = YES;
				CLANG_WARN_DEPRECATED_OBJC_IMPLEMENTATIONS = YES;
				CLANG_WARN_DIRECT_OBJC_ISA_USAGE = YES_ERROR;
				CLANG_WARN_DOCUMENTATION_COMMENTS = YES;
				CLANG_WARN_EMPTY_BODY = YES;
				CLANG_WARN_ENUM_CONVERSION = YES;
				CLANG_WARN_INFINITE_RECURSION = YES;
				CLANG_WARN_INT_CONVERSION = YES;
				CLANG_WARN_NON_LITERAL_NULL_CONVERSION = YES;
				CLANG_WARN_OBJC_IMPLICIT_RETAIN_SELF = YES;
				CLANG_WARN_OBJC_LITERAL_CONVERSION = YES;
				CLANG_WARN_OBJC_ROOT_CLASS = YES_ERROR;
				CLANG_WARN_QUOTED_INCLUDE_IN_FRAMEWORK_HEADER = YES;
				CLANG_WARN_RANGE_LOOP_ANALYSIS = YES;
				CLANG_WARN_STRICT_PROTOTYPES = YES;
				CLANG_WARN_SUSPICIOUS_MOVE = YES;
				CLANG_WARN_UNGUARDED_AVAILABILITY = YES_AGGRESSIVE;
				CLANG_WARN_UNREACHABLE_CODE = YES;
				CLANG_WARN__DUPLICATE_METHOD_MATCH = YES;
				COPY_PHASE_STRIP = NO;
				DEBUG_INFORMATION_FORMAT = "dwarf-with-dsym";
				ENABLE_NS_ASSERTIONS = NO;
				ENABLE_STRICT_OBJC_MSGSEND = YES;
				ENABLE_USER_SCRIPT_SANDBOXING = YES;
				GCC_C_LANGUAGE_STANDARD = gnu17;
				GCC_NO_COMMON_BLOCKS = YES;
				GCC_WARN_64_TO_32_BIT_CONVERSION = YES;
				GCC_WARN_ABOUT_RETURN_TYPE = YES_ERROR;
				GCC_WARN_UNDECLARED_SELECTOR = YES;
				GCC_WARN_UNINITIALIZED_AUTOS = YES_AGGRESSIVE;
				GCC_WARN_UNUSED_FUNCTION = YES;
				GCC_WARN_UNUSED_VARIABLE = YES;
				IPHONEOS_DEPLOYMENT_TARGET = 17.5;
				LOCALIZATION_PREFERS_STRING_CATALOGS = YES;
				MTL_ENABLE_DEBUG_INFO = NO;
				MTL_FAST_MATH = YES;
				SDKROOT = iphoneos;
				SWIFT_COMPILATION_MODE = wholemodule;
				VALIDATE_PRODUCT = YES;
			};
			name = Release;
		};
		F14D36412C59A2BA00A81C09 /* Debug */ = {
			isa = XCBuildConfiguration;
			buildSettings = {
				ASSETCATALOG_COMPILER_APPICON_NAME = AppIcon;
				ASSETCATALOG_COMPILER_GLOBAL_ACCENT_COLOR_NAME = AccentColor;
				CODE_SIGN_STYLE = Automatic;
				CURRENT_PROJECT_VERSION = 1;
				DEVELOPMENT_ASSET_PATHS = "\"ParentBuddy/Preview Content\"";
				ENABLE_PREVIEWS = YES;
				GENERATE_INFOPLIST_FILE = YES;
				INFOPLIST_KEY_UIApplicationSceneManifest_Generation = YES;
				INFOPLIST_KEY_UIApplicationSupportsIndirectInputEvents = YES;
				INFOPLIST_KEY_UILaunchScreen_Generation = YES;
				INFOPLIST_KEY_UISupportedInterfaceOrientations_iPad = "UIInterfaceOrientationPortrait UIInterfaceOrientationPortraitUpsideDown UIInterfaceOrientationLandscapeLeft UIInterfaceOrientationLandscapeRight";
				INFOPLIST_KEY_UISupportedInterfaceOrientations_iPhone = "UIInterfaceOrientationPortrait UIInterfaceOrientationLandscapeLeft UIInterfaceOrientationLandscapeRight";
				LD_RUNPATH_SEARCH_PATHS = (
					"$(inherited)",
					"@executable_path/Frameworks",
				);
				MARKETING_VERSION = 1.0;
				PRODUCT_BUNDLE_IDENTIFIER = com.ParentBuddy;
				PRODUCT_NAME = "$(TARGET_NAME)";
				SWIFT_EMIT_LOC_STRINGS = YES;
				SWIFT_VERSION = 5.0;
				TARGETED_DEVICE_FAMILY = "1,2";
			};
			name = Debug;
		};
		F14D36422C59A2BA00A81C09 /* Release */ = {
			isa = XCBuildConfiguration;
			buildSettings = {
				ASSETCATALOG_COMPILER_APPICON_NAME = AppIcon;
				ASSETCATALOG_COMPILER_GLOBAL_ACCENT_COLOR_NAME = AccentColor;
				CODE_SIGN_STYLE = Automatic;
				CURRENT_PROJECT_VERSION = 1;
				DEVELOPMENT_ASSET_PATHS = "\"ParentBuddy/Preview Content\"";
				ENABLE_PREVIEWS = YES;
				GENERATE_INFOPLIST_FILE = YES;
				INFOPLIST_KEY_UIApplicationSceneManifest_Generation = YES;
				INFOPLIST_KEY_UIApplicationSupportsIndirectInputEvents = YES;
				INFOPLIST_KEY_UILaunchScreen_Generation = YES;
				INFOPLIST_KEY_UISupportedInterfaceOrientations_iPad = "UIInterfaceOrientationPortrait UIInterfaceOrientationPortraitUpsideDown UIInterfaceOrientationLandscapeLeft UIInterfaceOrientationLandscapeRight";
				INFOPLIST_KEY_UISupportedInterfaceOrientations_iPhone = "UIInterfaceOrientationPortrait UIInterfaceOrientationLandscapeLeft UIInterfaceOrientationLandscapeRight";
				LD_RUNPATH_SEARCH_PATHS = (
					"$(inherited)",
					"@executable_path/Frameworks",
				);
				MARKETING_VERSION = 1.0;
				PRODUCT_BUNDLE_IDENTIFIER = com.ParentBuddy;
				PRODUCT_NAME = "$(TARGET_NAME)";
				SWIFT_EMIT_LOC_STRINGS = YES;
				SWIFT_VERSION = 5.0;
				TARGETED_DEVICE_FAMILY = "1,2";
			};
			name = Release;
		};
		F14D36442C59A2BA00A81C09 /* Debug */ = {
			isa = XCBuildConfiguration;
			buildSettings = {
				ALWAYS_EMBED_SWIFT_STANDARD_LIBRARIES = YES;
				BUNDLE_LOADER = "$(TEST_HOST)";
				CODE_SIGN_STYLE = Automatic;
				CURRENT_PROJECT_VERSION = 1;
				GENERATE_INFOPLIST_FILE = YES;
				IPHONEOS_DEPLOYMENT_TARGET = 17.5;
				MARKETING_VERSION = 1.0;
				PRODUCT_BUNDLE_IDENTIFIER = com.ParentBuddyTests;
				PRODUCT_NAME = "$(TARGET_NAME)";
				SWIFT_EMIT_LOC_STRINGS = NO;
				SWIFT_VERSION = 5.0;
				TARGETED_DEVICE_FAMILY = "1,2";
				TEST_HOST = "$(BUILT_PRODUCTS_DIR)/ParentBuddy.app/$(BUNDLE_EXECUTABLE_FOLDER_PATH)/ParentBuddy";
			};
			name = Debug;
		};
		F14D36452C59A2BA00A81C09 /* Release */ = {
			isa = XCBuildConfiguration;
			buildSettings = {
				ALWAYS_EMBED_SWIFT_STANDARD_LIBRARIES = YES;
				BUNDLE_LOADER = "$(TEST_HOST)";
				CODE_SIGN_STYLE = Automatic;
				CURRENT_PROJECT_VERSION = 1;
				GENERATE_INFOPLIST_FILE = YES;
				IPHONEOS_DEPLOYMENT_TARGET = 17.5;
				MARKETING_VERSION = 1.0;
				PRODUCT_BUNDLE_IDENTIFIER = com.ParentBuddyTests;
				PRODUCT_NAME = "$(TARGET_NAME)";
				SWIFT_EMIT_LOC_STRINGS = NO;
				SWIFT_VERSION = 5.0;
				TARGETED_DEVICE_FAMILY = "1,2";
				TEST_HOST = "$(BUILT_PRODUCTS_DIR)/ParentBuddy.app/$(BUNDLE_EXECUTABLE_FOLDER_PATH)/ParentBuddy";
			};
			name = Release;
		};
		F14D36472C59A2BA00A81C09 /* Debug */ = {
			isa = XCBuildConfiguration;
			buildSettings = {
				ALWAYS_EMBED_SWIFT_STANDARD_LIBRARIES = YES;
				CODE_SIGN_STYLE = Automatic;
				CURRENT_PROJECT_VERSION = 1;
				GENERATE_INFOPLIST_FILE = YES;
				MARKETING_VERSION = 1.0;
				PRODUCT_BUNDLE_IDENTIFIER = com.ParentBuddyUITests;
				PRODUCT_NAME = "$(TARGET_NAME)";
				SWIFT_EMIT_LOC_STRINGS = NO;
				SWIFT_VERSION = 5.0;
				TARGETED_DEVICE_FAMILY = "1,2";
				TEST_TARGET_NAME = ParentBuddy;
			};
			name = Debug;
		};
		F14D36482C59A2BA00A81C09 /* Release */ = {
			isa = XCBuildConfiguration;
			buildSettings = {
				ALWAYS_EMBED_SWIFT_STANDARD_LIBRARIES = YES;
				CODE_SIGN_STYLE = Automatic;
				CURRENT_PROJECT_VERSION = 1;
				GENERATE_INFOPLIST_FILE = YES;
				MARKETING_VERSION = 1.0;
				PRODUCT_BUNDLE_IDENTIFIER = com.ParentBuddyUITests;
				PRODUCT_NAME = "$(TARGET_NAME)";
				SWIFT_EMIT_LOC_STRINGS = NO;
				SWIFT_VERSION = 5.0;
				TARGETED_DEVICE_FAMILY = "1,2";
				TEST_TARGET_NAME = ParentBuddy;
			};
			name = Release;
		};
/* End XCBuildConfiguration section */

/* Begin XCConfigurationList section */
		F14D36172C59A2B800A81C09 /* Build configuration list for PBXProject "ParentBuddy" */ = {
			isa = XCConfigurationList;
			buildConfigurations = (
				F14D363E2C59A2BA00A81C09 /* Debug */,
				F14D363F2C59A2BA00A81C09 /* Release */,
			);
			defaultConfigurationIsVisible = 0;
			defaultConfigurationName = Release;
		};
		F14D36402C59A2BA00A81C09 /* Build configuration list for PBXNativeTarget "ParentBuddy" */ = {
			isa = XCConfigurationList;
			buildConfigurations = (
				F14D36412C59A2BA00A81C09 /* Debug */,
				F14D36422C59A2BA00A81C09 /* Release */,
			);
			defaultConfigurationIsVisible = 0;
			defaultConfigurationName = Release;
		};
		F14D36432C59A2BA00A81C09 /* Build configuration list for PBXNativeTarget "ParentBuddyTests" */ = {
			isa = XCConfigurationList;
			buildConfigurations = (
				F14D36442C59A2BA00A81C09 /* Debug */,
				F14D36452C59A2BA00A81C09 /* Release */,
			);
			defaultConfigurationIsVisible = 0;
			defaultConfigurationName = Release;
		};
		F14D36462C59A2BA00A81C09 /* Build configuration list for PBXNativeTarget "ParentBuddyUITests" */ = {
			isa = XCConfigurationList;
			buildConfigurations = (
				F14D36472C59A2BA00A81C09 /* Debug */,
				F14D36482C59A2BA00A81C09 /* Release */,
			);
			defaultConfigurationIsVisible = 0;
			defaultConfigurationName = Release;
		};
/* End XCConfigurationList section */
	};
	rootObject = F14D36142C59A2B800A81C09 /* Project object */;
}
